
Microsoft Visual Studio Solution File, Format Version 12.00
# Visual Studio Version 17
VisualStudioVersion = 17.6.33815.320
MinimumVisualStudioVersion = 10.0.40219.1
Project("{FAE04EC0-301F-11D3-BF4B-00C04F79EFBC}") = "EOPAM 01", "EOPAM 01\EOPAM 01.csproj", "{93918792-4CAE-43B2-90EF-B2FA3DAE37DA}"
EndProject
Project("{FAE04EC0-301F-11D3-BF4B-00C04F79EFBC}") = "EOPAM 02", "EOPAM 02\EOPAM 02.csproj", "{07F13D2A-4079-4E74-B79B-F221F8755E4F}"
EndProject
Project("{FAE04EC0-301F-11D3-BF4B-00C04F79EFBC}") = "EOPAM 03", "EOPAM 03\EOPAM 03.csproj", "{2AE26FAE-E3DC-4DE5-86E3-93CBA674F74F}"
EndProject
Project("{FAE04EC0-301F-11D3-BF4B-00C04F79EFBC}") = "EPOAM 04", "EPOAM 04\EPOAM 04.csproj", "{FD7203B6-7824-4F2E-8BE0-F15821E7B0B3}"
EndProject
Global
	GlobalSection(SolutionConfigurationPlatforms) = preSolution
		Debug|Any CPU = Debug|Any CPU
		Release|Any CPU = Release|Any CPU
	EndGlobalSection
	GlobalSection(ProjectConfigurationPlatforms) = postSolution
		{93918792-4CAE-43B2-90EF-B2FA3DAE37DA}.Debug|Any CPU.ActiveCfg = Debug|Any CPU
		{93918792-4CAE-43B2-90EF-B2FA3DAE37DA}.Debug|Any CPU.Build.0 = Debug|Any CPU
		{93918792-4CAE-43B2-90EF-B2FA3DAE37DA}.Release|Any CPU.ActiveCfg = Release|Any CPU
		{93918792-4CAE-43B2-90EF-B2FA3DAE37DA}.Release|Any CPU.Build.0 = Release|Any CPU
		{07F13D2A-4079-4E74-B79B-F221F8755E4F}.Debug|Any CPU.ActiveCfg = Debug|Any CPU
		{07F13D2A-4079-4E74-B79B-F221F8755E4F}.Debug|Any CPU.Build.0 = Debug|Any CPU
		{07F13D2A-4079-4E74-B79B-F221F8755E4F}.Release|Any CPU.ActiveCfg = Release|Any CPU
		{07F13D2A-4079-4E74-B79B-F221F8755E4F}.Release|Any CPU.Build.0 = Release|Any CPU
		{2AE26FAE-E3DC-4DE5-86E3-93CBA674F74F}.Debug|Any CPU.ActiveCfg = Debug|Any CPU
		{2AE26FAE-E3DC-4DE5-86E3-93CBA674F74F}.Debug|Any CPU.Build.0 = Debug|Any CPU
		{2AE26FAE-E3DC-4DE5-86E3-93CBA674F74F}.Release|Any CPU.ActiveCfg = Release|Any CPU
		{2AE26FAE-E3DC-4DE5-86E3-93CBA674F74F}.Release|Any CPU.Build.0 = Release|Any CPU
		{FD7203B6-7824-4F2E-8BE0-F15821E7B0B3}.Debug|Any CPU.ActiveCfg = Debug|Any CPU
		{FD7203B6-7824-4F2E-8BE0-F15821E7B0B3}.Debug|Any CPU.Build.0 = Debug|Any CPU
		{FD7203B6-7824-4F2E-8BE0-F15821E7B0B3}.Release|Any CPU.ActiveCfg = Release|Any CPU
		{FD7203B6-7824-4F2E-8BE0-F15821E7B0B3}.Release|Any CPU.Build.0 = Release|Any CPU
	EndGlobalSection
	GlobalSection(SolutionProperties) = preSolution
		HideSolutionNode = FALSE
	EndGlobalSection
	GlobalSection(ExtensibilityGlobals) = postSolution
		SolutionGuid = {16C88313-D69D-4910-9938-D7B5790EEAB6}
	EndGlobalSection
EndGlobal
